<Solution>
  <Folder Name="/Solution Items/">
    <File Path="FantasticAgentFirstShot.png" />
    <File Path="LICENSE.txt" />
    <File Path="README.md" />
  </Folder>
  <Project Path="FantasticAgent.CLI/FantasticAgent.CLI.csproj" />
  <Project Path="FantasticAgent.WPF/FantasticAgent.WPF.csproj" Id="517ebb3e-62c3-41d7-84ba-3c0b90d66339" />
  <Project Path="FantasticAgent/FantasticAgent.csproj" />
</Solution>
